
Microsoft Visual Studio Solution File, Format Version 12.00
# Visual Studio Version 17
VisualStudioVersion = 17.14.36301.6
MinimumVisualStudioVersion = 10.0.40219.1
Project("{FAE04EC0-301F-11D3-BF4B-00C04F79EFBC}") = "Ravi.PieShop", "Ravi.PieShop\Ravi.PieShop.csproj", "{FBDBAD2E-45E2-458D-818A-25ACCD0E5275}"
EndProject
Project("{FAE04EC0-301F-11D3-BF4B-00C04F79EFBC}") = "Ravi.PieShop.Shared", "Ravi.PieShop.Shared\Ravi.PieShop.Shared.csproj", "{DAC005F1-0C57-4BCF-BBFD-681923C18D88}"
EndProject
Global
	GlobalSection(SolutionConfigurationPlatforms) = preSolution
		Debug|Any CPU = Debug|Any CPU
		Release|Any CPU = Release|Any CPU
	EndGlobalSection
	GlobalSection(ProjectConfigurationPlatforms) = postSolution
		{FBDBAD2E-45E2-458D-818A-25ACCD0E5275}.Debug|Any CPU.ActiveCfg = Debug|Any CPU
		{FBDBAD2E-45E2-458D-818A-25ACCD0E5275}.Debug|Any CPU.Build.0 = Debug|Any CPU
		{FBDBAD2E-45E2-458D-818A-25ACCD0E5275}.Release|Any CPU.ActiveCfg = Release|Any CPU
		{FBDBAD2E-45E2-458D-818A-25ACCD0E5275}.Release|Any CPU.Build.0 = Release|Any CPU
		{DAC005F1-0C57-4BCF-BBFD-681923C18D88}.Debug|Any CPU.ActiveCfg = Debug|Any CPU
		{DAC005F1-0C57-4BCF-BBFD-681923C18D88}.Debug|Any CPU.Build.0 = Debug|Any CPU
		{DAC005F1-0C57-4BCF-BBFD-681923C18D88}.Release|Any CPU.ActiveCfg = Release|Any CPU
		{DAC005F1-0C57-4BCF-BBFD-681923C18D88}.Release|Any CPU.Build.0 = Release|Any CPU
	EndGlobalSection
	GlobalSection(SolutionProperties) = preSolution
		HideSolutionNode = FALSE
	EndGlobalSection
	GlobalSection(ExtensibilityGlobals) = postSolution
		SolutionGuid = {C13D25EC-F1A0-4085-B7FE-93D66F39AD9F}
	EndGlobalSection
EndGlobal
